
Microsoft Visual Studio Solution File, Format Version 12.00
# Visual Studio Version 17
VisualStudioVersion = 17.10.35013.160
MinimumVisualStudioVersion = 10.0.40219.1
Project("{FAE04EC0-301F-11D3-BF4B-00C04F79EFBC}") = "Fiap.Api.Residuos", "Fiap.Api.Residuos.csproj", "{D3E6895B-CC6D-421B-A5D3-CFECC864158F}"
EndProject
Global
	GlobalSection(SolutionConfigurationPlatforms) = preSolution
		Debug|Any CPU = Debug|Any CPU
		Release|Any CPU = Release|Any CPU
	EndGlobalSection
	GlobalSection(ProjectConfigurationPlatforms) = postSolution
		{D3E6895B-CC6D-421B-A5D3-CFECC864158F}.Debug|Any CPU.ActiveCfg = Debug|Any CPU
		{D3E6895B-CC6D-421B-A5D3-CFECC864158F}.Debug|Any CPU.Build.0 = Debug|Any CPU
		{D3E6895B-CC6D-421B-A5D3-CFECC864158F}.Release|Any CPU.ActiveCfg = Release|Any CPU
		{D3E6895B-CC6D-421B-A5D3-CFECC864158F}.Release|Any CPU.Build.0 = Release|Any CPU
	EndGlobalSection
	GlobalSection(SolutionProperties) = preSolution
		HideSolutionNode = FALSE
	EndGlobalSection
	GlobalSection(ExtensibilityGlobals) = postSolution
		SolutionGuid = {945F5148-E9F5-43D4-82B8-240B55D2EA5A}
	EndGlobalSection
EndGlobal
